
Microsoft Visual Studio Solution File, Format Version 12.00
Project("{FAE04EC0-301F-11D3-BF4B-00C04F79EFBC}") = "app", "app.csproj", "{EF8C51AB-9847-420E-9388-8358BBEA5B65}"
EndProject
Global
	GlobalSection(SolutionConfigurationPlatforms) = preSolution
		Debug|Any CPU = Debug|Any CPU
		Release|Any CPU = Release|Any CPU
	EndGlobalSection
	GlobalSection(ProjectConfigurationPlatforms) = postSolution
		{EF8C51AB-9847-420E-9388-8358BBEA5B65}.Debug|Any CPU.ActiveCfg = Debug|Any CPU
		{EF8C51AB-9847-420E-9388-8358BBEA5B65}.Debug|Any CPU.Build.0 = Debug|Any CPU
		{EF8C51AB-9847-420E-9388-8358BBEA5B65}.Release|Any CPU.ActiveCfg = Release|Any CPU
		{EF8C51AB-9847-420E-9388-8358BBEA5B65}.Release|Any CPU.Build.0 = Release|Any CPU
	EndGlobalSection
EndGlobal
